<Solution>
  <Project Path="BugLogger.API/BugLogger.API.csproj" />
  <Project Path="BugLogger.Application/BugLogger.Application.csproj" Id="85a79141-d529-41e1-a39d-003c2c81d9c8" />
  <Project Path="BugLogger.Domain/BugLogger.Domain.csproj" />
  <Project Path="BugLogger.Infrastructure/BugLogger.Infrastructure.csproj" />
</Solution>
